
Microsoft Visual Studio Solution File, Format Version 12.00
# Visual Studio Version 17
VisualStudioVersion = 17.11.35312.102
MinimumVisualStudioVersion = 10.0.40219.1
Project("{8BC9CEB8-8B4A-11D0-8D11-00A0C91BC942}") = "cpp_basics", "cpp_basics\cpp_basics.vcxproj", "{2BCAF321-9B19-4EE6-9B3A-DC2832F3119F}"
EndProject
Project("{2150E333-8FDC-42A3-9474-1A3956D46DE8}") = "Элементы решения", "Элементы решения", "{61CA4661-F180-4949-8496-310413BC5355}"
	ProjectSection(SolutionItems) = preProject
		.gitignore = .gitignore
	EndProjectSection
EndProject
Global
	GlobalSection(SolutionConfigurationPlatforms) = preSolution
		Debug|x64 = Debug|x64
		Debug|x86 = Debug|x86
		Release|x64 = Release|x64
		Release|x86 = Release|x86
	EndGlobalSection
	GlobalSection(ProjectConfigurationPlatforms) = postSolution
		{2BCAF321-9B19-4EE6-9B3A-DC2832F3119F}.Debug|x64.ActiveCfg = Debug|x64
		{2BCAF321-9B19-4EE6-9B3A-DC2832F3119F}.Debug|x64.Build.0 = Debug|x64
		{2BCAF321-9B19-4EE6-9B3A-DC2832F3119F}.Debug|x86.ActiveCfg = Debug|Win32
		{2BCAF321-9B19-4EE6-9B3A-DC2832F3119F}.Debug|x86.Build.0 = Debug|Win32
		{2BCAF321-9B19-4EE6-9B3A-DC2832F3119F}.Release|x64.ActiveCfg = Release|x64
		{2BCAF321-9B19-4EE6-9B3A-DC2832F3119F}.Release|x64.Build.0 = Release|x64
		{2BCAF321-9B19-4EE6-9B3A-DC2832F3119F}.Release|x86.ActiveCfg = Release|Win32
		{2BCAF321-9B19-4EE6-9B3A-DC2832F3119F}.Release|x86.Build.0 = Release|Win32
	EndGlobalSection
	GlobalSection(SolutionProperties) = preSolution
		HideSolutionNode = FALSE
	EndGlobalSection
	GlobalSection(ExtensibilityGlobals) = postSolution
		SolutionGuid = {B71E306D-49C3-425A-AFA4-1CBBFAFDB072}
	EndGlobalSection
EndGlobal
